
Microsoft Visual Studio Solution File, Format Version 12.00
# Visual Studio Version 16
VisualStudioVersion = 16.0.32228.343
MinimumVisualStudioVersion = 10.0.40219.1
Project("{FAE04EC0-301F-11D3-BF4B-00C04F79EFBC}") = "EBookStore", "EBookStore\EBookStore.csproj", "{FD4B20D7-CA0A-45B1-BDF7-E4541926D7AC}"
EndProject
Global
	GlobalSection(SolutionConfigurationPlatforms) = preSolution
		Debug|Any CPU = Debug|Any CPU
		Release|Any CPU = Release|Any CPU
	EndGlobalSection
	GlobalSection(ProjectConfigurationPlatforms) = postSolution
		{FD4B20D7-CA0A-45B1-BDF7-E4541926D7AC}.Debug|Any CPU.ActiveCfg = Debug|Any CPU
		{FD4B20D7-CA0A-45B1-BDF7-E4541926D7AC}.Debug|Any CPU.Build.0 = Debug|Any CPU
		{FD4B20D7-CA0A-45B1-BDF7-E4541926D7AC}.Release|Any CPU.ActiveCfg = Release|Any CPU
		{FD4B20D7-CA0A-45B1-BDF7-E4541926D7AC}.Release|Any CPU.Build.0 = Release|Any CPU
	EndGlobalSection
	GlobalSection(SolutionProperties) = preSolution
		HideSolutionNode = FALSE
	EndGlobalSection
	GlobalSection(ExtensibilityGlobals) = postSolution
		SolutionGuid = {02560AC0-215D-4B1B-A0C2-33C4B6AB74D4}
	EndGlobalSection
EndGlobal
